{
  "version": 4,
  "terraform_version": "0.12.24",
  "serial": 4,
  "lineage": "a353f990-1b23-6166-ce4a-57b094161bcd",
  "outputs": {},
  "resources": [
    {
      "mode": "data",
      "type": "vsphere_compute_cluster",
      "name": "cluster",
      "provider": "provider.vsphere",
      "instances": [
        {
          "schema_version": 0,
          "attributes": {
            "datacenter_id": "datacenter-3",
            "id": "domain-c1050",
            "name": "LVBcluster",
            "resource_pool_id": "resgroup-1051"
          }
        }
      ]
    },
    {
      "mode": "data",
      "type": "vsphere_datacenter",
      "name": "dc",
      "provider": "provider.vsphere",
      "instances": [
        {
          "schema_version": 0,
          "attributes": {
            "id": "datacenter-3",
            "name": "LVB"
          }
        }
      ]
    },
    {
      "mode": "data",
      "type": "vsphere_datastore",
      "name": "datastore",
      "provider": "provider.vsphere",
      "instances": [
        {
          "schema_version": 0,
          "attributes": {
            "datacenter_id": "datacenter-3",
            "id": "datastore-1016",
            "name": "datastore1"
          }
        }
      ]
    },
    {
      "mode": "data",
      "type": "vsphere_network",
      "name": "network",
      "provider": "provider.vsphere",
      "instances": [
        {
          "schema_version": 0,
          "attributes": {
            "datacenter_id": "datacenter-3",
            "distributed_virtual_switch_uuid": null,
            "id": "network-1019",
            "name": "VM Network",
            "type": "Network"
          }
        }
      ]
    },
    {
      "mode": "data",
      "type": "vsphere_resource_pool",
      "name": "pool",
      "provider": "provider.vsphere",
      "instances": [
        {
          "schema_version": 0,
          "attributes": {
            "datacenter_id": "datacenter-3",
            "id": "resgroup-1051",
            "name": "LVBcluster/Resources"
          }
        }
      ]
    },
    {
      "mode": "data",
      "type": "vsphere_virtual_machine",
      "name": "template",
      "provider": "provider.vsphere",
      "instances": [
        {
          "schema_version": 0,
          "attributes": {
            "alternate_guest_name": "",
            "datacenter_id": "datacenter-3",
            "disks": [
              {
                "eagerly_scrub": false,
                "size": 80,
                "thin_provisioned": true
              }
            ],
            "firmware": "bios",
            "guest_id": "rhel7_64Guest",
            "guest_ip_addresses": [
              "172.20.252.218",
              "fe80::250:56ff:fea0:519c"
            ],
            "id": "42206c1a-00cd-6592-21f8-7d4ebf72d297",
            "name": "cloneme_centos7",
            "network_interface_types": [
              "vmxnet3"
            ],
            "scsi_bus_sharing": "noSharing",
            "scsi_controller_scan_count": 1,
            "scsi_type": "pvscsi"
          }
        }
      ]
    },
    {
      "mode": "managed",
      "type": "vsphere_virtual_machine",
      "name": "cloned_virtual_machine",
      "provider": "provider.vsphere",
      "instances": [
        {
          "schema_version": 3,
          "attributes": {
            "alternate_guest_name": "",
            "annotation": "",
            "boot_delay": 0,
            "boot_retry_delay": 10000,
            "boot_retry_enabled": false,
            "cdrom": [],
            "change_version": "2020-04-19T22:29:17.694587Z",
            "clone": [
              {
                "customize": [
                  {
                    "dns_server_list": null,
                    "dns_suffix_list": null,
                    "ipv4_gateway": "",
                    "ipv6_gateway": "",
                    "linux_options": [
                      {
                        "domain": "test.internal",
                        "host_name": "terraform-test",
                        "hw_clock_utc": true,
                        "time_zone": ""
                      }
                    ],
                    "network_interface": [
                      {
                        "dns_domain": null,
                        "dns_server_list": null,
                        "ipv4_address": null,
                        "ipv4_netmask": null,
                        "ipv6_address": null,
                        "ipv6_netmask": null
                      }
                    ],
                    "timeout": 10,
                    "windows_options": [],
                    "windows_sysprep_text": ""
                  }
                ],
                "linked_clone": false,
                "ovf_network_map": null,
                "ovf_storage_map": null,
                "template_uuid": "42206c1a-00cd-6592-21f8-7d4ebf72d297",
                "timeout": 30
              }
            ],
            "cpu_hot_add_enabled": false,
            "cpu_hot_remove_enabled": false,
            "cpu_limit": -1,
            "cpu_performance_counters_enabled": false,
            "cpu_reservation": 0,
            "cpu_share_count": 1000,
            "cpu_share_level": "normal",
            "custom_attributes": null,
            "datastore_cluster_id": null,
            "datastore_id": "datastore-1016",
            "default_ip_address": "172.20.252.216",
            "disk": [
              {
                "attach": false,
                "datastore_id": "datastore-1016",
                "device_address": "scsi:0:0",
                "disk_mode": "persistent",
                "disk_sharing": "sharingNone",
                "eagerly_scrub": false,
                "io_limit": -1,
                "io_reservation": 0,
                "io_share_count": 1000,
                "io_share_level": "normal",
                "keep_on_remove": false,
                "key": 2000,
                "label": "disk0",
                "name": "",
                "path": "var.vsphere_virtual_machine_name/var.vsphere_virtual_machine_name.vmdk",
                "size": 80,
                "storage_policy_id": "",
                "thin_provisioned": true,
                "unit_number": 0,
                "uuid": "6000C296-a411-dbd3-f277-8599bf8be888",
                "write_through": false
              }
            ],
            "efi_secure_boot_enabled": false,
            "enable_disk_uuid": false,
            "enable_logging": false,
            "ept_rvi_mode": "automatic",
            "extra_config": null,
            "firmware": "bios",
            "folder": "",
            "force_power_off": true,
            "guest_id": "rhel7_64Guest",
            "guest_ip_addresses": [
              "172.20.252.216",
              "fe80::250:56ff:fea0:9bc6"
            ],
            "hardware_version": 14,
            "host_system_id": "host-1012",
            "hv_mode": "hvAuto",
            "id": "422002f9-c060-46b5-1860-38d4b4c9de8d",
            "ignored_guest_ips": null,
            "imported": null,
            "latency_sensitivity": "normal",
            "memory": 2048,
            "memory_hot_add_enabled": false,
            "memory_limit": -1,
            "memory_reservation": 0,
            "memory_share_count": 20480,
            "memory_share_level": "normal",
            "migrate_wait_timeout": 30,
            "moid": "vm-1075",
            "name": "var.vsphere_virtual_machine_name",
            "nested_hv_enabled": false,
            "network_interface": [
              {
                "adapter_type": "vmxnet3",
                "bandwidth_limit": -1,
                "bandwidth_reservation": 0,
                "bandwidth_share_count": 50,
                "bandwidth_share_level": "normal",
                "device_address": "pci:0:7",
                "key": 4000,
                "mac_address": "00:50:56:a0:9b:c6",
                "network_id": "network-1019",
                "ovf_mapping": "",
                "use_static_mac": false
              }
            ],
            "num_cores_per_socket": 1,
            "num_cpus": 1,
            "poweron_timeout": 300,
            "reboot_required": false,
            "resource_pool_id": "resgroup-1051",
            "run_tools_scripts_after_power_on": true,
            "run_tools_scripts_after_resume": true,
            "run_tools_scripts_before_guest_reboot": false,
            "run_tools_scripts_before_guest_shutdown": true,
            "run_tools_scripts_before_guest_standby": true,
            "scsi_bus_sharing": "noSharing",
            "scsi_controller_count": 1,
            "scsi_type": "pvscsi",
            "shutdown_wait_timeout": 3,
            "storage_policy_id": "",
            "swap_placement_policy": "inherit",
            "sync_time_with_host": false,
            "tags": null,
            "uuid": "422002f9-c060-46b5-1860-38d4b4c9de8d",
            "vapp": [],
            "vapp_transport": [],
            "vmware_tools_status": "guestToolsRunning",
            "vmx_path": "var.vsphere_virtual_machine_name/var.vsphere_virtual_machine_name.vmx",
            "wait_for_guest_ip_timeout": 0,
            "wait_for_guest_net_routable": true,
            "wait_for_guest_net_timeout": 5
          },
          "private": "eyJzY2hlbWFfdmVyc2lvbiI6IjMifQ=="
        }
      ]
    }
  ]
}
